
Microsoft Visual Studio Solution File, Format Version 12.00
# Visual Studio Version 16
VisualStudioVersion = 16.0.30128.74
MinimumVisualStudioVersion = 10.0.40219.1
Project("{FAE04EC0-301F-11D3-BF4B-00C04F79EFBC}") = "Sudoneku", "Sudoneku.csproj", "{4F7A69BC-0B4C-4E6B-9A0C-470ED65E8734}"
EndProject
Global
	GlobalSection(SolutionConfigurationPlatforms) = preSolution
		Debug|Any CPU = Debug|Any CPU
		Release|Any CPU = Release|Any CPU
	EndGlobalSection
	GlobalSection(ProjectConfigurationPlatforms) = postSolution
		{4F7A69BC-0B4C-4E6B-9A0C-470ED65E8734}.Debug|Any CPU.ActiveCfg = Debug|Any CPU
		{4F7A69BC-0B4C-4E6B-9A0C-470ED65E8734}.Debug|Any CPU.Build.0 = Debug|Any CPU
		{4F7A69BC-0B4C-4E6B-9A0C-470ED65E8734}.Release|Any CPU.ActiveCfg = Release|Any CPU
		{4F7A69BC-0B4C-4E6B-9A0C-470ED65E8734}.Release|Any CPU.Build.0 = Release|Any CPU
	EndGlobalSection
	GlobalSection(SolutionProperties) = preSolution
		HideSolutionNode = FALSE
	EndGlobalSection
	GlobalSection(ExtensibilityGlobals) = postSolution
		SolutionGuid = {23AF655B-5505-412E-9305-1EFA74819652}
	EndGlobalSection
EndGlobal
